
Microsoft Visual Studio Solution File, Format Version 12.00
# Visual Studio Version 16
VisualStudioVersion = 16.0.34301.259
MinimumVisualStudioVersion = 10.0.40219.1
Project("{FAE04EC0-301F-11D3-BF4B-00C04F79EFBC}") = "GUI", "GUI\GUI.csproj", "{EDF664D0-8ED2-4F89-BE2D-6B27CD4BCD06}"
EndProject
Project("{FAE04EC0-301F-11D3-BF4B-00C04F79EFBC}") = "BUS", "BUS\BUS.csproj", "{39B8FED0-B1A4-4BA8-8BFB-327D6A3C00B6}"
EndProject
Global
	GlobalSection(SolutionConfigurationPlatforms) = preSolution
		Debug|Any CPU = Debug|Any CPU
		Release|Any CPU = Release|Any CPU
	EndGlobalSection
	GlobalSection(ProjectConfigurationPlatforms) = postSolution
		{EDF664D0-8ED2-4F89-BE2D-6B27CD4BCD06}.Debug|Any CPU.ActiveCfg = Debug|Any CPU
		{EDF664D0-8ED2-4F89-BE2D-6B27CD4BCD06}.Debug|Any CPU.Build.0 = Debug|Any CPU
		{EDF664D0-8ED2-4F89-BE2D-6B27CD4BCD06}.Release|Any CPU.ActiveCfg = Release|Any CPU
		{EDF664D0-8ED2-4F89-BE2D-6B27CD4BCD06}.Release|Any CPU.Build.0 = Release|Any CPU
		{39B8FED0-B1A4-4BA8-8BFB-327D6A3C00B6}.Debug|Any CPU.ActiveCfg = Debug|Any CPU
		{39B8FED0-B1A4-4BA8-8BFB-327D6A3C00B6}.Debug|Any CPU.Build.0 = Debug|Any CPU
		{39B8FED0-B1A4-4BA8-8BFB-327D6A3C00B6}.Release|Any CPU.ActiveCfg = Release|Any CPU
		{39B8FED0-B1A4-4BA8-8BFB-327D6A3C00B6}.Release|Any CPU.Build.0 = Release|Any CPU
	EndGlobalSection
	GlobalSection(SolutionProperties) = preSolution
		HideSolutionNode = FALSE
	EndGlobalSection
	GlobalSection(ExtensibilityGlobals) = postSolution
		SolutionGuid = {1FC735B1-5370-47A7-84EF-7A8D1244767E}
	EndGlobalSection
EndGlobal
